
Microsoft Visual Studio Solution File, Format Version 12.00
# Visual Studio Version 16
VisualStudioVersion = 16.0.30320.27
MinimumVisualStudioVersion = 10.0.40219.1
Project("{FAE04EC0-301F-11D3-BF4B-00C04F79EFBC}") = "Trouver le chemin", "Trouver le chemin\Trouver le chemin.csproj", "{AA563937-3988-4CFF-9B8D-153AF56F556A}"
EndProject
Global
	GlobalSection(SolutionConfigurationPlatforms) = preSolution
		Debug|Any CPU = Debug|Any CPU
		Release|Any CPU = Release|Any CPU
	EndGlobalSection
	GlobalSection(ProjectConfigurationPlatforms) = postSolution
		{AA563937-3988-4CFF-9B8D-153AF56F556A}.Debug|Any CPU.ActiveCfg = Debug|Any CPU
		{AA563937-3988-4CFF-9B8D-153AF56F556A}.Debug|Any CPU.Build.0 = Debug|Any CPU
		{AA563937-3988-4CFF-9B8D-153AF56F556A}.Release|Any CPU.ActiveCfg = Release|Any CPU
		{AA563937-3988-4CFF-9B8D-153AF56F556A}.Release|Any CPU.Build.0 = Release|Any CPU
	EndGlobalSection
	GlobalSection(SolutionProperties) = preSolution
		HideSolutionNode = FALSE
	EndGlobalSection
	GlobalSection(ExtensibilityGlobals) = postSolution
		SolutionGuid = {1C934F11-ABA6-400A-AA91-4B3DEFF72C45}
	EndGlobalSection
EndGlobal
